
Microsoft Visual Studio Solution File, Format Version 12.00
# Visual Studio Version 16
VisualStudioVersion = 16.0.30517.126
MinimumVisualStudioVersion = 10.0.40219.1
Project("{FAE04EC0-301F-11D3-BF4B-00C04F79EFBC}") = "WorkingWithData", "WorkingWithData\WorkingWithData.csproj", "{A46C858B-8903-4896-A763-03295A18CCB0}"
EndProject
Global
	GlobalSection(SolutionConfigurationPlatforms) = preSolution
		Debug|Any CPU = Debug|Any CPU
		Release|Any CPU = Release|Any CPU
	EndGlobalSection
	GlobalSection(ProjectConfigurationPlatforms) = postSolution
		{A46C858B-8903-4896-A763-03295A18CCB0}.Debug|Any CPU.ActiveCfg = Debug|Any CPU
		{A46C858B-8903-4896-A763-03295A18CCB0}.Debug|Any CPU.Build.0 = Debug|Any CPU
		{A46C858B-8903-4896-A763-03295A18CCB0}.Release|Any CPU.ActiveCfg = Release|Any CPU
		{A46C858B-8903-4896-A763-03295A18CCB0}.Release|Any CPU.Build.0 = Release|Any CPU
	EndGlobalSection
	GlobalSection(SolutionProperties) = preSolution
		HideSolutionNode = FALSE
	EndGlobalSection
	GlobalSection(ExtensibilityGlobals) = postSolution
		SolutionGuid = {BF8EDB82-0918-4E04-83E1-5C8CB22579E0}
	EndGlobalSection
EndGlobal
